
Microsoft Visual Studio Solution File, Format Version 12.00
# Visual Studio 14
VisualStudioVersion = 14.0.23107.0
MinimumVisualStudioVersion = 10.0.40219.1
Project("{FAE04EC0-301F-11D3-BF4B-00C04F79EFBC}") = "ca2 redone", "ca2 redone\ca2 redone.csproj", "{73C6D372-BED5-488E-A14B-27FCBE8EDFFC}"
EndProject
Global
	GlobalSection(SolutionConfigurationPlatforms) = preSolution
		Debug|Any CPU = Debug|Any CPU
		Release|Any CPU = Release|Any CPU
	EndGlobalSection
	GlobalSection(ProjectConfigurationPlatforms) = postSolution
		{73C6D372-BED5-488E-A14B-27FCBE8EDFFC}.Debug|Any CPU.ActiveCfg = Debug|Any CPU
		{73C6D372-BED5-488E-A14B-27FCBE8EDFFC}.Debug|Any CPU.Build.0 = Debug|Any CPU
		{73C6D372-BED5-488E-A14B-27FCBE8EDFFC}.Release|Any CPU.ActiveCfg = Release|Any CPU
		{73C6D372-BED5-488E-A14B-27FCBE8EDFFC}.Release|Any CPU.Build.0 = Release|Any CPU
	EndGlobalSection
	GlobalSection(SolutionProperties) = preSolution
		HideSolutionNode = FALSE
	EndGlobalSection
EndGlobal
